Microsoft Visual Studio Solution File, Format Version 12.00
# Visual Studio 15
VisualStudioVersion = 15.0.27428.1
MinimumVisualStudioVersion = 10.0.40219.1
Project("{FAE04EC0-301F-11D3-BF4B-00C04F79EFBC}") = "NewsFeed.Android", "NewsFeed.Android\NewsFeed.Android.csproj", "{FB993FBE-7219-4C55-80B6-2484F348EAEE}"
EndProject
Project("{FAE04EC0-301F-11D3-BF4B-00C04F79EFBC}") = "NewsFeed.iOS", "NewsFeed.iOS\NewsFeed.iOS.csproj", "{18FBD53B-68AA-4EC6-942C-05DE960AF4AC}"
EndProject
Project("{9A19103F-16F7-4668-BE54-9A1E7A4F7556}") = "NewsFeed", "NewsFeed\NewsFeed.csproj", "{946B8F67-2DB6-4ED1-A8A8-33C852285410}"
EndProject
Global
	GlobalSection(SolutionConfigurationPlatforms) = preSolution
		Ad-Hoc|Any CPU = Ad-Hoc|Any CPU
		Ad-Hoc|iPhone = Ad-Hoc|iPhone
		Ad-Hoc|iPhoneSimulator = Ad-Hoc|iPhoneSimulator
		AppStore|Any CPU = AppStore|Any CPU
		AppStore|iPhone = AppStore|iPhone
		AppStore|iPhoneSimulator = AppStore|iPhoneSimulator
		Debug|Any CPU = Debug|Any CPU
		Debug|iPhone = Debug|iPhone
		Debug|iPhoneSimulator = Debug|iPhoneSimulator
		Release|Any CPU = Release|Any CPU
		Release|iPhone = Release|iPhone
		Release|iPhoneSimulator = Release|iPhoneSimulator
	EndGlobalSection
	GlobalSection(ProjectConfigurationPlatforms) = postSolution
		{FB993FBE-7219-4C55-80B6-2484F348EAEE}.Ad-Hoc|Any CPU.ActiveCfg = Release|Any CPU
		{FB993FBE-7219-4C55-80B6-2484F348EAEE}.Ad-Hoc|Any CPU.Build.0 = Release|Any CPU
		{FB993FBE-7219-4C55-80B6-2484F348EAEE}.Ad-Hoc|Any CPU.Deploy.0 = Release|Any CPU
		{FB993FBE-7219-4C55-80B6-2484F348EAEE}.Ad-Hoc|iPhone.ActiveCfg = Debug|Any CPU
		{FB993FBE-7219-4C55-80B6-2484F348EAEE}.Ad-Hoc|iPhone.Build.0 = Debug|Any CPU
		{FB993FBE-7219-4C55-80B6-2484F348EAEE}.Ad-Hoc|iPhoneSimulator.ActiveCfg = Release|Any CPU
		{FB993FBE-7219-4C55-80B6-2484F348EAEE}.Ad-Hoc|iPhoneSimulator.Build.0 = Release|Any CPU
		{FB993FBE-7219-4C55-80B6-2484F348EAEE}.Ad-Hoc|iPhoneSimulator.Deploy.0 = Release|Any CPU
		{FB993FBE-7219-4C55-80B6-2484F348EAEE}.AppStore|Any CPU.ActiveCfg = Release|Any CPU
		{FB993FBE-7219-4C55-80B6-2484F348EAEE}.AppStore|Any CPU.Build.0 = Release|Any CPU
		{FB993FBE-7219-4C55-80B6-2484F348EAEE}.AppStore|Any CPU.Deploy.0 = Release|Any CPU
		{FB993FBE-7219-4C55-80B6-2484F348EAEE}.AppStore|iPhone.ActiveCfg = Debug|Any CPU
		{FB993FBE-7219-4C55-80B6-2484F348EAEE}.AppStore|iPhone.Build.0 = Debug|Any CPU
		{FB993FBE-7219-4C55-80B6-2484F348EAEE}.AppStore|iPhoneSimulator.ActiveCfg = Release|Any CPU
		{FB993FBE-7219-4C55-80B6-2484F348EAEE}.AppStore|iPhoneSimulator.Build.0 = Release|Any CPU
		{FB993FBE-7219-4C55-80B6-2484F348EAEE}.AppStore|iPhoneSimulator.Deploy.0 = Release|Any CPU
		{FB993FBE-7219-4C55-80B6-2484F348EAEE}.Debug|Any CPU.ActiveCfg = Debug|Any CPU
		{FB993FBE-7219-4C55-80B6-2484F348EAEE}.Debug|Any CPU.Build.0 = Debug|Any CPU
		{FB993FBE-7219-4C55-80B6-2484F348EAEE}.Debug|Any CPU.Deploy.0 = Debug|Any CPU
		{FB993FBE-7219-4C55-80B6-2484F348EAEE}.Debug|iPhone.ActiveCfg = Debug|Any CPU
		{FB993FBE-7219-4C55-80B6-2484F348EAEE}.Debug|iPhone.Build.0 = Debug|Any CPU
		{FB993FBE-7219-4C55-80B6-2484F348EAEE}.Debug|iPhoneSimulator.ActiveCfg = Debug|Any CPU
		{FB993FBE-7219-4C55-80B6-2484F348EAEE}.Debug|iPhoneSimulator.Build.0 = Debug|Any CPU
		{FB993FBE-7219-4C55-80B6-2484F348EAEE}.Release|Any CPU.ActiveCfg = Release|Any CPU
		{FB993FBE-7219-4C55-80B6-2484F348EAEE}.Release|Any CPU.Build.0 = Release|Any CPU
		{FB993FBE-7219-4C55-80B6-2484F348EAEE}.Release|iPhone.ActiveCfg = Release|Any CPU
		{FB993FBE-7219-4C55-80B6-2484F348EAEE}.Release|iPhone.Build.0 = Release|Any CPU
		{FB993FBE-7219-4C55-80B6-2484F348EAEE}.Release|iPhoneSimulator.ActiveCfg = Release|Any CPU
		{FB993FBE-7219-4C55-80B6-2484F348EAEE}.Release|iPhoneSimulator.Build.0 = Release|Any CPU
		{18FBD53B-68AA-4EC6-942C-05DE960AF4AC}.Ad-Hoc|Any CPU.ActiveCfg = Ad-Hoc|iPhoneSimulator
		{18FBD53B-68AA-4EC6-942C-05DE960AF4AC}.Ad-Hoc|iPhone.ActiveCfg = Ad-Hoc|iPhone
		{18FBD53B-68AA-4EC6-942C-05DE960AF4AC}.Ad-Hoc|iPhone.Build.0 = Ad-Hoc|iPhone
		{18FBD53B-68AA-4EC6-942C-05DE960AF4AC}.Ad-Hoc|iPhoneSimulator.ActiveCfg = Ad-Hoc|iPhoneSimulator
		{18FBD53B-68AA-4EC6-942C-05DE960AF4AC}.Ad-Hoc|iPhoneSimulator.Build.0 = Ad-Hoc|iPhoneSimulator
		{18FBD53B-68AA-4EC6-942C-05DE960AF4AC}.AppStore|Any CPU.ActiveCfg = AppStore|iPhoneSimulator
		{18FBD53B-68AA-4EC6-942C-05DE960AF4AC}.AppStore|iPhone.ActiveCfg = AppStore|iPhone
		{18FBD53B-68AA-4EC6-942C-05DE960AF4AC}.AppStore|iPhone.Build.0 = AppStore|iPhone
		{18FBD53B-68AA-4EC6-942C-05DE960AF4AC}.AppStore|iPhoneSimulator.ActiveCfg = AppStore|iPhoneSimulator
		{18FBD53B-68AA-4EC6-942C-05DE960AF4AC}.AppStore|iPhoneSimulator.Build.0 = AppStore|iPhoneSimulator
		{18FBD53B-68AA-4EC6-942C-05DE960AF4AC}.Debug|Any CPU.ActiveCfg = Debug|iPhoneSimulator
		{18FBD53B-68AA-4EC6-942C-05DE960AF4AC}.Debug|Any CPU.Build.0 = Debug|iPhoneSimulator
		{18FBD53B-68AA-4EC6-942C-05DE960AF4AC}.Debug|iPhone.ActiveCfg = Debug|iPhone
		{18FBD53B-68AA-4EC6-942C-05DE960AF4AC}.Debug|iPhone.Build.0 = Debug|iPhone
		{18FBD53B-68AA-4EC6-942C-05DE960AF4AC}.Debug|iPhoneSimulator.ActiveCfg = Debug|iPhoneSimulator
		{18FBD53B-68AA-4EC6-942C-05DE960AF4AC}.Debug|iPhoneSimulator.Build.0 = Debug|iPhoneSimulator
		{18FBD53B-68AA-4EC6-942C-05DE960AF4AC}.Release|Any CPU.ActiveCfg = Release|iPhoneSimulator
		{18FBD53B-68AA-4EC6-942C-05DE960AF4AC}.Release|Any CPU.Build.0 = Release|iPhoneSimulator
		{18FBD53B-68AA-4EC6-942C-05DE960AF4AC}.Release|iPhone.ActiveCfg = Release|iPhone
		{18FBD53B-68AA-4EC6-942C-05DE960AF4AC}.Release|iPhone.Build.0 = Release|iPhone
		{18FBD53B-68AA-4EC6-942C-05DE960AF4AC}.Release|iPhoneSimulator.ActiveCfg = Release|iPhoneSimulator
		{18FBD53B-68AA-4EC6-942C-05DE960AF4AC}.Release|iPhoneSimulator.Build.0 = Release|iPhoneSimulator
		{946B8F67-2DB6-4ED1-A8A8-33C852285410}.Ad-Hoc|Any CPU.ActiveCfg = Release|Any CPU
		{946B8F67-2DB6-4ED1-A8A8-33C852285410}.Ad-Hoc|Any CPU.Build.0 = Release|Any CPU
		{946B8F67-2DB6-4ED1-A8A8-33C852285410}.Ad-Hoc|iPhone.ActiveCfg = Debug|Any CPU
		{946B8F67-2DB6-4ED1-A8A8-33C852285410}.Ad-Hoc|iPhone.Build.0 = Debug|Any CPU
		{946B8F67-2DB6-4ED1-A8A8-33C852285410}.Ad-Hoc|iPhoneSimulator.ActiveCfg = Release|Any CPU
		{946B8F67-2DB6-4ED1-A8A8-33C852285410}.Ad-Hoc|iPhoneSimulator.Build.0 = Release|Any CPU
		{946B8F67-2DB6-4ED1-A8A8-33C852285410}.AppStore|Any CPU.ActiveCfg = Release|Any CPU
		{946B8F67-2DB6-4ED1-A8A8-33C852285410}.AppStore|Any CPU.Build.0 = Release|Any CPU
		{946B8F67-2DB6-4ED1-A8A8-33C852285410}.AppStore|iPhone.ActiveCfg = Debug|Any CPU
		{946B8F67-2DB6-4ED1-A8A8-33C852285410}.AppStore|iPhone.Build.0 = Debug|Any CPU
		{946B8F67-2DB6-4ED1-A8A8-33C852285410}.AppStore|iPhoneSimulator.ActiveCfg = Release|Any CPU
		{946B8F67-2DB6-4ED1-A8A8-33C852285410}.AppStore|iPhoneSimulator.Build.0 = Release|Any CPU
		{946B8F67-2DB6-4ED1-A8A8-33C852285410}.Debug|Any CPU.ActiveCfg = Debug|Any CPU
		{946B8F67-2DB6-4ED1-A8A8-33C852285410}.Debug|Any CPU.Build.0 = Debug|Any CPU
		{946B8F67-2DB6-4ED1-A8A8-33C852285410}.Debug|iPhone.ActiveCfg = Debug|Any CPU
		{946B8F67-2DB6-4ED1-A8A8-33C852285410}.Debug|iPhone.Build.0 = Debug|Any CPU
		{946B8F67-2DB6-4ED1-A8A8-33C852285410}.Debug|iPhoneSimulator.ActiveCfg = Debug|Any CPU
		{946B8F67-2DB6-4ED1-A8A8-33C852285410}.Debug|iPhoneSimulator.Build.0 = Debug|Any CPU
		{946B8F67-2DB6-4ED1-A8A8-33C852285410}.Release|Any CPU.ActiveCfg = Release|Any CPU
		{946B8F67-2DB6-4ED1-A8A8-33C852285410}.Release|Any CPU.Build.0 = Release|Any CPU
		{946B8F67-2DB6-4ED1-A8A8-33C852285410}.Release|iPhone.ActiveCfg = Release|Any CPU
		{946B8F67-2DB6-4ED1-A8A8-33C852285410}.Release|iPhone.Build.0 = Release|Any CPU
		{946B8F67-2DB6-4ED1-A8A8-33C852285410}.Release|iPhoneSimulator.ActiveCfg = Release|Any CPU
		{946B8F67-2DB6-4ED1-A8A8-33C852285410}.Release|iPhoneSimulator.Build.0 = Release|Any CPU
	EndGlobalSection
	GlobalSection(SolutionProperties) = preSolution
		HideSolutionNode = FALSE
	EndGlobalSection
	GlobalSection(ExtensibilityGlobals) = postSolution
		SolutionGuid = {2362EFD3-1427-45F1-B726-45063B615EB9}
	EndGlobalSection
EndGlobal
